// !$*UTF8*$!
{
	archiveVersion = 1;
	classes = {
	};
	objectVersion = 46;
	objects = {

/* Begin PBXBuildFile section */
		954AE7121D05976500B6DC48 /* AppDelegate.swift in Sources */ = {isa = PBXBuildFile; fileRef = 954AE7111D05976500B6DC48 /* AppDelegate.swift */; };
		954AE7141D05976500B6DC48 /* ViewController.swift in Sources */ = {isa = PBXBuildFile; fileRef = 954AE7131D05976500B6DC48 /* ViewController.swift */; };
		954AE7171D05976500B6DC48 /* Main.storyboard in Resources */ = {isa = PBXBuildFile; fileRef = 954AE7151D05976500B6DC48 /* Main.storyboard */; };
		954AE7191D05976500B6DC48 /* Assets.xcassets in Resources */ = {isa = PBXBuildFile; fileRef = 954AE7181D05976500B6DC48 /* Assets.xcassets */; };
		954AE71C1D05976500B6DC48 /* LaunchScreen.storyboard in Resources */ = {isa = PBXBuildFile; fileRef = 954AE71A1D05976500B6DC48 /* LaunchScreen.storyboard */; };
		954AE7281D05A60A00B6DC48 /* GameData.swift in Sources */ = {isa = PBXBuildFile; fileRef = 954AE7271D05A60A00B6DC48 /* GameData.swift */; };
/* End PBXBuildFile section */

/* Begin PBXFileReference section */
		954AE70E1D05976500B6DC48 /* Multiples.app */ = {isa = PBXFileReference; explicitFileType = wrapper.application; includeInIndex = 0; path = Multiples.app; sourceTree = BUILT_PRODUCTS_DIR; };
		954AE7111D05976500B6DC48 /* AppDelegate.swift */ = {isa = PBXFileReference; lastKnownFileType = sourcecode.swift; path = AppDelegate.swift; sourceTree = "<group>"; };
		954AE7131D05976500B6DC48 /* ViewController.swift */ = {isa = PBXFileReference; lastKnownFileType = sourcecode.swift; path = ViewController.swift; sourceTree = "<group>"; };
		954AE7161D05976500B6DC48 /* Base */ = {isa = PBXFileReference; lastKnownFileType = file.storyboard; name = Base; path = Base.lproj/Main.storyboard; sourceTree = "<group>"; };
		954AE7181D05976500B6DC48 /* Assets.xcassets */ = {isa = PBXFileReference; lastKnownFileType = folder.assetcatalog; path = Assets.xcassets; sourceTree = "<group>"; };
		954AE71B1D05976500B6DC48 /* Base */ = {isa = PBXFileReference; lastKnownFileType = file.storyboard; name = Base; path = Base.lproj/LaunchScreen.storyboard; sourceTree = "<group>"; };
		954AE71D1D05976500B6DC48 /* Info.plist */ = {isa = PBXFileReference; lastKnownFileType = text.plist.xml; path = Info.plist; sourceTree = "<group>"; };
		954AE7271D05A60A00B6DC48 /* GameData.swift */ = {isa = PBXFileReference; fileEncoding = 4; lastKnownFileType = sourcecode.swift; path = GameData.swift; sourceTree = "<group>"; };
/* End PBXFileReference section */

/* Begin PBXFrameworksBuildPhase section */
		954AE70B1D05976500B6DC48 /* Frameworks */ = {
			isa = PBXFrameworksBuildPhase;
			buildActionMask = 2147483647;
			files = (
			);
			runOnlyForDeploymentPostprocessing = 0;
		};
/* End PBXFrameworksBuildPhase section */

/* Begin PBXGroup section */
		954AE7051D05976500B6DC48 = {
			isa = PBXGroup;
			children = (
				954AE7101D05976500B6DC48 /* Multiples */,
				954AE70F1D05976500B6DC48 /* Products */,
			);
			sourceTree = "<group>";
		};
		954AE70F1D05976500B6DC48 /* Products */ = {
			isa = PBXGroup;
			children = (
				954AE70E1D05976500B6DC48 /* Multiples.app */,
			);
			name = Products;
			sourceTree = "<group>";
		};
		954AE7101D05976500B6DC48 /* Multiples */ = {
			isa = PBXGroup;
			children = (
				954AE7251D0597A100B6DC48 /* Model */,
				954AE7241D05979A00B6DC48 /* View */,
				954AE7231D05979200B6DC48 /* Controller */,
				954AE7261D0597B300B6DC48 /* Supporting Files */,
			);
			path = Multiples;
			sourceTree = "<group>";
		};
		954AE7231D05979200B6DC48 /* Controller */ = {
			isa = PBXGroup;
			children = (
				954AE7131D05976500B6DC48 /* ViewController.swift */,
				954AE7111D05976500B6DC48 /* AppDelegate.swift */,
			);
			name = Controller;
			sourceTree = "<group>";
		};
		954AE7241D05979A00B6DC48 /* View */ = {
			isa = PBXGroup;
			children = (
				954AE7151D05976500B6DC48 /* Main.storyboard */,
				954AE71A1D05976500B6DC48 /* LaunchScreen.storyboard */,
			);
			name = View;
			sourceTree = "<group>";
		};
		954AE7251D0597A100B6DC48 /* Model */ = {
			isa = PBXGroup;
			children = (
				954AE7271D05A60A00B6DC48 /* GameData.swift */,
			);
			name = Model;
			sourceTree = "<group>";
		};
		954AE7261D0597B300B6DC48 /* Supporting Files */ = {
			isa = PBXGroup;
			children = (
				954AE71D1D05976500B6DC48 /* Info.plist */,
				954AE7181D05976500B6DC48 /* Assets.xcassets */,
			);
			name = "Supporting Files";
			sourceTree = "<group>";
		};
/* End PBXGroup section */

/* Begin PBXNativeTarget section */
		954AE70D1D05976500B6DC48 /* Multiples */ = {
			isa = PBXNativeTarget;
			buildConfigurationList = 954AE7201D05976500B6DC48 /* Build configuration list for PBXNativeTarget "Multiples" */;
			buildPhases = (
				954AE70A1D05976500B6DC48 /* Sources */,
				954AE70B1D05976500B6DC48 /* Frameworks */,
				954AE70C1D05976500B6DC48 /* Resources */,
			);
			buildRules = (
			);
			dependencies = (
			);
			name = Multiples;
			productName = Multiples;
			productReference = 954AE70E1D05976500B6DC48 /* Multiples.app */;
			productType = "com.apple.product-type.application";
		};
/* End PBXNativeTarget section */

/* Begin PBXProject section */
		954AE7061D05976500B6DC48 /* Project object */ = {
			isa = PBXProject;
			attributes = {
				LastSwiftUpdateCheck = 0720;
				LastUpgradeCheck = 0720;
				ORGANIZATIONNAME = "Jack Hider";
				TargetAttributes = {
					954AE70D1D05976500B6DC48 = {
						CreatedOnToolsVersion = 7.2.1;
					};
				};
			};
			buildConfigurationList = 954AE7091D05976500B6DC48 /* Build configuration list for PBXProject "Multiples" */;
			compatibilityVersion = "Xcode 3.2";
			developmentRegion = English;
			hasScannedForEncodings = 0;
			knownRegions = (
				en,
				Base,
			);
			mainGroup = 954AE7051D05976500B6DC48;
			productRefGroup = 954AE70F1D05976500B6DC48 /* Products */;
			projectDirPath = "";
			projectRoot = "";
			targets = (
				954AE70D1D05976500B6DC48 /* Multiples */,
			);
		};
/* End PBXProject section */

/* Begin PBXResourcesBuildPhase section */
		954AE70C1D05976500B6DC48 /* Resources */ = {
			isa = PBXResourcesBuildPhase;
			buildActionMask = 2147483647;
			files = (
				954AE71C1D05976500B6DC48 /* LaunchScreen.storyboard in Resources */,
				954AE7191D05976500B6DC48 /* Assets.xcassets in Resources */,
				954AE7171D05976500B6DC48 /* Main.storyboard in Resources */,
			);
			runOnlyForDeploymentPostprocessing = 0;
		};
/* End PBXResourcesBuildPhase section */

/* Begin PBXSourcesBuildPhase section */
		954AE70A1D05976500B6DC48 /* Sources */ = {
			isa = PBXSourcesBuildPhase;
			buildActionMask = 2147483647;
			files = (
				954AE7141D05976500B6DC48 /* ViewController.swift in Sources */,
				954AE7281D05A60A00B6DC48 /* GameData.swift in Sources */,
				954AE7121D05976500B6DC48 /* AppDelegate.swift in Sources */,
			);
			runOnlyForDeploymentPostprocessing = 0;
		};
/* End PBXSourcesBuildPhase section */

/* Begin PBXVariantGroup section */
		954AE7151D05976500B6DC48 /* Main.storyboard */ = {
			isa = PBXVariantGroup;
			children = (
				954AE7161D05976500B6DC48 /* Base */,
			);
			name = Main.storyboard;
			sourceTree = "<group>";
		};
		954AE71A1D05976500B6DC48 /* LaunchScreen.storyboard */ = {
			isa = PBXVariantGroup;
			children = (
				954AE71B1D05976500B6DC48 /* Base */,
			);
			name = LaunchScreen.storyboard;
			sourceTree = "<group>";
		};
/* End PBXVariantGroup section */

/* Begin XCBuildConfiguration section */
		954AE71E1D05976500B6DC48 /* Debug */ = {
			isa = XCBuildConfiguration;
			buildSettings = {
				ALWAYS_SEARCH_USER_PATHS = NO;
				CLANG_CXX_LANGUAGE_STANDARD = "gnu++0x";
				CLANG_CXX_LIBRARY = "libc++";
				CLANG_ENABLE_MODULES = YES;
				CLANG_ENABLE_OBJC_ARC = YES;
				CLANG_WARN_BOOL_CONVERSION = YES;
				CLANG_WARN_CONSTANT_CONVERSION = YES;
				CLANG_WARN_DIRECT_OBJC_ISA_USAGE = YES_ERROR;
				CLANG_WARN_EMPTY_BODY = YES;
				CLANG_WARN_ENUM_CONVERSION = YES;
				CLANG_WARN_INT_CONVERSION = YES;
				CLANG_WARN_OBJC_ROOT_CLASS = YES_ERROR;
				CLANG_WARN_UNREACHABLE_CODE = YES;
				CLANG_WARN__DUPLICATE_METHOD_MATCH = YES;
				"CODE_SIGN_IDENTITY[sdk=iphoneos*]" = "iPhone Developer";
				COPY_PHASE_STRIP = NO;
				DEBUG_INFORMATION_FORMAT = dwarf;
				ENABLE_STRICT_OBJC_MSGSEND = YES;
				ENABLE_TESTABILITY = YES;
				GCC_C_LANGUAGE_STANDARD = gnu99;
				GCC_DYNAMIC_NO_PIC = NO;
				GCC_NO_COMMON_BLOCKS = YES;
				GCC_OPTIMIZATION_LEVEL = 0;
				GCC_PREPROCESSOR_DEFINITIONS = (
					"DEBUG=1",
					"$(inherited)",
				);
				GCC_WARN_64_TO_32_BIT_CONVERSION = YES;
				GCC_WARN_ABOUT_RETURN_TYPE = YES_ERROR;
				GCC_WARN_UNDECLARED_SELECTOR = YES;
				GCC_WARN_UNINITIALIZED_AUTOS = YES_AGGRESSIVE;
				GCC_WARN_UNUSED_FUNCTION = YES;
				GCC_WARN_UNUSED_VARIABLE = YES;
				IPHONEOS_DEPLOYMENT_TARGET = 9.2;
				MTL_ENABLE_DEBUG_INFO = YES;
				ONLY_ACTIVE_ARCH = YES;
				SDKROOT = iphoneos;
				SWIFT_OPTIMIZATION_LEVEL = "-Onone";
			};
			name = Debug;
		};
		954AE71F1D05976500B6DC48 /* Release */ = {
			isa = XCBuildConfiguration;
			buildSettings = {
				ALWAYS_SEARCH_USER_PATHS = NO;
				CLANG_CXX_LANGUAGE_STANDARD = "gnu++0x";
				CLANG_CXX_LIBRARY = "libc++";
				CLANG_ENABLE_MODULES = YES;
				CLANG_ENABLE_OBJC_ARC = YES;
				CLANG_WARN_BOOL_CONVERSION = YES;
				CLANG_WARN_CONSTANT_CONVERSION = YES;
				CLANG_WARN_DIRECT_OBJC_ISA_USAGE = YES_ERROR;
				CLANG_WARN_EMPTY_BODY = YES;
				CLANG_WARN_ENUM_CONVERSION = YES;
				CLANG_WARN_INT_CONVERSION = YES;
				CLANG_WARN_OBJC_ROOT_CLASS = YES_ERROR;
				CLANG_WARN_UNREACHABLE_CODE = YES;
				CLANG_WARN__DUPLICATE_METHOD_MATCH = YES;
				"CODE_SIGN_IDENTITY[sdk=iphoneos*]" = "iPhone Developer";
				COPY_PHASE_STRIP = NO;
				DEBUG_INFORMATION_FORMAT = "dwarf-with-dsym";
				ENABLE_NS_ASSERTIONS = NO;
				ENABLE_STRICT_OBJC_MSGSEND = YES;
				GCC_C_LANGUAGE_STANDARD = gnu99;
				GCC_NO_COMMON_BLOCKS = YES;
				GCC_WARN_64_TO_32_BIT_CONVERSION = YES;
				GCC_WARN_ABOUT_RETURN_TYPE = YES_ERROR;
				GCC_WARN_UNDECLARED_SELECTOR = YES;
				GCC_WARN_UNINITIALIZED_AUTOS = YES_AGGRESSIVE;
				GCC_WARN_UNUSED_FUNCTION = YES;
				GCC_WARN_UNUSED_VARIABLE = YES;
				IPHONEOS_DEPLOYMENT_TARGET = 9.2;
				MTL_ENABLE_DEBUG_INFO = NO;
				SDKROOT = iphoneos;
				VALIDATE_PRODUCT = YES;
			};
			name = Release;
		};
		954AE7211D05976500B6DC48 /* Debug */ = {
			isa = XCBuildConfiguration;
			buildSettings = {
				ASSETCATALOG_COMPILER_APPICON_NAME = AppIcon;
				INFOPLIST_FILE = Multiples/Info.plist;
				LD_RUNPATH_SEARCH_PATHS = "$(inherited) @executable_path/Frameworks";
				PRODUCT_BUNDLE_IDENTIFIER = uk.co.Redih.Multiples;
				PRODUCT_NAME = "$(TARGET_NAME)";
			};
			name = Debug;
		};
		954AE7221D05976500B6DC48 /* Release */ = {
			isa = XCBuildConfiguration;
			buildSettings = {
				ASSETCATALOG_COMPILER_APPICON_NAME = AppIcon;
				INFOPLIST_FILE = Multiples/Info.plist;
				LD_RUNPATH_SEARCH_PATHS = "$(inherited) @executable_path/Frameworks";
				PRODUCT_BUNDLE_IDENTIFIER = uk.co.Redih.Multiples;
				PRODUCT_NAME = "$(TARGET_NAME)";
			};
			name = Release;
		};
/* End XCBuildConfiguration section */

/* Begin XCConfigurationList section */
		954AE7091D05976500B6DC48 /* Build configuration list for PBXProject "Multiples" */ = {
			isa = XCConfigurationList;
			buildConfigurations = (
				954AE71E1D05976500B6DC48 /* Debug */,
				954AE71F1D05976500B6DC48 /* Release */,
			);
			defaultConfigurationIsVisible = 0;
			defaultConfigurationName = Release;
		};
		954AE7201D05976500B6DC48 /* Build configuration list for PBXNativeTarget "Multiples" */ = {
			isa = XCConfigurationList;
			buildConfigurations = (
				954AE7211D05976500B6DC48 /* Debug */,
				954AE7221D05976500B6DC48 /* Release */,
			);
			defaultConfigurationIsVisible = 0;
		};
/* End XCConfigurationList section */
	};
	rootObject = 954AE7061D05976500B6DC48 /* Project object */;
}
